// !$*UTF8*$!
{
	archiveVersion = 1;
	classes = {
	};
	objectVersion = 46;
	objects = {

/* Begin PBXBuildFile section */
		88BA73BC1CEDA3590098BFDE /* AppDelegate.swift in Sources */ = {isa = PBXBuildFile; fileRef = 88BA73BB1CEDA3590098BFDE /* AppDelegate.swift */; };
		88BA73BE1CEDA3590098BFDE /* ViewController.swift in Sources */ = {isa = PBXBuildFile; fileRef = 88BA73BD1CEDA3590098BFDE /* ViewController.swift */; };
		88BA73C11CEDA3590098BFDE /* Main.storyboard in Resources */ = {isa = PBXBuildFile; fileRef = 88BA73BF1CEDA3590098BFDE /* Main.storyboard */; };
		88BA73C41CEDA3590098BFDE /* AttributeString_Text.xcdatamodeld in Sources */ = {isa = PBXBuildFile; fileRef = 88BA73C21CEDA3590098BFDE /* AttributeString_Text.xcdatamodeld */; };
		88BA73C61CEDA3590098BFDE /* Assets.xcassets in Resources */ = {isa = PBXBuildFile; fileRef = 88BA73C51CEDA3590098BFDE /* Assets.xcassets */; };
		88BA73C91CEDA3590098BFDE /* LaunchScreen.storyboard in Resources */ = {isa = PBXBuildFile; fileRef = 88BA73C71CEDA3590098BFDE /* LaunchScreen.storyboard */; };
/* End PBXBuildFile section */

/* Begin PBXFileReference section */
		88BA73B81CEDA3590098BFDE /* AttributeString-Text.app */ = {isa = PBXFileReference; explicitFileType = wrapper.application; includeInIndex = 0; path = "AttributeString-Text.app"; sourceTree = BUILT_PRODUCTS_DIR; };
		88BA73BB1CEDA3590098BFDE /* AppDelegate.swift */ = {isa = PBXFileReference; lastKnownFileType = sourcecode.swift; path = AppDelegate.swift; sourceTree = "<group>"; };
		88BA73BD1CEDA3590098BFDE /* ViewController.swift */ = {isa = PBXFileReference; lastKnownFileType = sourcecode.swift; path = ViewController.swift; sourceTree = "<group>"; };
		88BA73C01CEDA3590098BFDE /* Base */ = {isa = PBXFileReference; lastKnownFileType = file.storyboard; name = Base; path = Base.lproj/Main.storyboard; sourceTree = "<group>"; };
		88BA73C31CEDA3590098BFDE /* AttributeString_Text.xcdatamodel */ = {isa = PBXFileReference; lastKnownFileType = wrapper.xcdatamodel; path = AttributeString_Text.xcdatamodel; sourceTree = "<group>"; };
		88BA73C51CEDA3590098BFDE /* Assets.xcassets */ = {isa = PBXFileReference; lastKnownFileType = folder.assetcatalog; path = Assets.xcassets; sourceTree = "<group>"; };
		88BA73C81CEDA3590098BFDE /* Base */ = {isa = PBXFileReference; lastKnownFileType = file.storyboard; name = Base; path = Base.lproj/LaunchScreen.storyboard; sourceTree = "<group>"; };
		88BA73CA1CEDA3590098BFDE /* Info.plist */ = {isa = PBXFileReference; lastKnownFileType = text.plist.xml; path = Info.plist; sourceTree = "<group>"; };
/* End PBXFileReference section */

/* Begin PBXFrameworksBuildPhase section */
		88BA73B51CEDA3590098BFDE /* Frameworks */ = {
			isa = PBXFrameworksBuildPhase;
			buildActionMask = 2147483647;
			files = (
			);
			runOnlyForDeploymentPostprocessing = 0;
		};
/* End PBXFrameworksBuildPhase section */

/* Begin PBXGroup section */
		88BA73AF1CEDA3580098BFDE = {
			isa = PBXGroup;
			children = (
				88BA73BA1CEDA3590098BFDE /* AttributeString-Text */,
				88BA73B91CEDA3590098BFDE /* Products */,
			);
			sourceTree = "<group>";
		};
		88BA73B91CEDA3590098BFDE /* Products */ = {
			isa = PBXGroup;
			children = (
				88BA73B81CEDA3590098BFDE /* AttributeString-Text.app */,
			);
			name = Products;
			sourceTree = "<group>";
		};
		88BA73BA1CEDA3590098BFDE /* AttributeString-Text */ = {
			isa = PBXGroup;
			children = (
				88BA73BB1CEDA3590098BFDE /* AppDelegate.swift */,
				88BA73BD1CEDA3590098BFDE /* ViewController.swift */,
				88BA73BF1CEDA3590098BFDE /* Main.storyboard */,
				88BA73C51CEDA3590098BFDE /* Assets.xcassets */,
				88BA73C71CEDA3590098BFDE /* LaunchScreen.storyboard */,
				88BA73CA1CEDA3590098BFDE /* Info.plist */,
				88BA73C21CEDA3590098BFDE /* AttributeString_Text.xcdatamodeld */,
			);
			path = "AttributeString-Text";
			sourceTree = "<group>";
		};
/* End PBXGroup section */

/* Begin PBXNativeTarget section */
		88BA73B71CEDA3590098BFDE /* AttributeString-Text */ = {
			isa = PBXNativeTarget;
			buildConfigurationList = 88BA73CD1CEDA3590098BFDE /* Build configuration list for PBXNativeTarget "AttributeString-Text" */;
			buildPhases = (
				88BA73B41CEDA3590098BFDE /* Sources */,
				88BA73B51CEDA3590098BFDE /* Frameworks */,
				88BA73B61CEDA3590098BFDE /* Resources */,
			);
			buildRules = (
			);
			dependencies = (
			);
			name = "AttributeString-Text";
			productName = "AttributeString-Text";
			productReference = 88BA73B81CEDA3590098BFDE /* AttributeString-Text.app */;
			productType = "com.apple.product-type.application";
		};
/* End PBXNativeTarget section */

/* Begin PBXProject section */
		88BA73B01CEDA3580098BFDE /* Project object */ = {
			isa = PBXProject;
			attributes = {
				LastSwiftUpdateCheck = 0730;
				LastUpgradeCheck = 0730;
				ORGANIZATIONNAME = liujunbin;
				TargetAttributes = {
					88BA73B71CEDA3590098BFDE = {
						CreatedOnToolsVersion = 7.3;
						DevelopmentTeam = JB444P6896;
					};
				};
			};
			buildConfigurationList = 88BA73B31CEDA3580098BFDE /* Build configuration list for PBXProject "AttributeString-Text" */;
			compatibilityVersion = "Xcode 3.2";
			developmentRegion = English;
			hasScannedForEncodings = 0;
			knownRegions = (
				en,
				Base,
			);
			mainGroup = 88BA73AF1CEDA3580098BFDE;
			productRefGroup = 88BA73B91CEDA3590098BFDE /* Products */;
			projectDirPath = "";
			projectRoot = "";
			targets = (
				88BA73B71CEDA3590098BFDE /* AttributeString-Text */,
			);
		};
/* End PBXProject section */

/* Begin PBXResourcesBuildPhase section */
		88BA73B61CEDA3590098BFDE /* Resources */ = {
			isa = PBXResourcesBuildPhase;
			buildActionMask = 2147483647;
			files = (
				88BA73C91CEDA3590098BFDE /* LaunchScreen.storyboard in Resources */,
				88BA73C61CEDA3590098BFDE /* Assets.xcassets in Resources */,
				88BA73C11CEDA3590098BFDE /* Main.storyboard in Resources */,
			);
			runOnlyForDeploymentPostprocessing = 0;
		};
/* End PBXResourcesBuildPhase section */

/* Begin PBXSourcesBuildPhase section */
		88BA73B41CEDA3590098BFDE /* Sources */ = {
			isa = PBXSourcesBuildPhase;
			buildActionMask = 2147483647;
			files = (
				88BA73BE1CEDA3590098BFDE /* ViewController.swift in Sources */,
				88BA73C41CEDA3590098BFDE /* AttributeString_Text.xcdatamodeld in Sources */,
				88BA73BC1CEDA3590098BFDE /* AppDelegate.swift in Sources */,
			);
			runOnlyForDeploymentPostprocessing = 0;
		};
/* End PBXSourcesBuildPhase section */

/* Begin PBXVariantGroup section */
		88BA73BF1CEDA3590098BFDE /* Main.storyboard */ = {
			isa = PBXVariantGroup;
			children = (
				88BA73C01CEDA3590098BFDE /* Base */,
			);
			name = Main.storyboard;
			sourceTree = "<group>";
		};
		88BA73C71CEDA3590098BFDE /* LaunchScreen.storyboard */ = {
			isa = PBXVariantGroup;
			children = (
				88BA73C81CEDA3590098BFDE /* Base */,
			);
			name = LaunchScreen.storyboard;
			sourceTree = "<group>";
		};
/* End PBXVariantGroup section */

/* Begin XCBuildConfiguration section */
		88BA73CB1CEDA3590098BFDE /* Debug */ = {
			isa = XCBuildConfiguration;
			buildSettings = {
				ALWAYS_SEARCH_USER_PATHS = NO;
				CLANG_ANALYZER_NONNULL = YES;
				CLANG_CXX_LANGUAGE_STANDARD = "gnu++0x";
				CLANG_CXX_LIBRARY = "libc++";
				CLANG_ENABLE_MODULES = YES;
				CLANG_ENABLE_OBJC_ARC = YES;
				CLANG_WARN_BOOL_CONVERSION = YES;
				CLANG_WARN_CONSTANT_CONVERSION = YES;
				CLANG_WARN_DIRECT_OBJC_ISA_USAGE = YES_ERROR;
				CLANG_WARN_EMPTY_BODY = YES;
				CLANG_WARN_ENUM_CONVERSION = YES;
				CLANG_WARN_INT_CONVERSION = YES;
				CLANG_WARN_OBJC_ROOT_CLASS = YES_ERROR;
				CLANG_WARN_UNREACHABLE_CODE = YES;
				CLANG_WARN__DUPLICATE_METHOD_MATCH = YES;
				"CODE_SIGN_IDENTITY[sdk=iphoneos*]" = "iPhone Developer";
				COPY_PHASE_STRIP = NO;
				DEBUG_INFORMATION_FORMAT = dwarf;
				ENABLE_STRICT_OBJC_MSGSEND = YES;
				ENABLE_TESTABILITY = YES;
				GCC_C_LANGUAGE_STANDARD = gnu99;
				GCC_DYNAMIC_NO_PIC = NO;
				GCC_NO_COMMON_BLOCKS = YES;
				GCC_OPTIMIZATION_LEVEL = 0;
				GCC_PREPROCESSOR_DEFINITIONS = (
					"DEBUG=1",
					"$(inherited)",
				);
				GCC_WARN_64_TO_32_BIT_CONVERSION = YES;
				GCC_WARN_ABOUT_RETURN_TYPE = YES_ERROR;
				GCC_WARN_UNDECLARED_SELECTOR = YES;
				GCC_WARN_UNINITIALIZED_AUTOS = YES_AGGRESSIVE;
				GCC_WARN_UNUSED_FUNCTION = YES;
				GCC_WARN_UNUSED_VARIABLE = YES;
				IPHONEOS_DEPLOYMENT_TARGET = 9.3;
				MTL_ENABLE_DEBUG_INFO = YES;
				ONLY_ACTIVE_ARCH = YES;
				SDKROOT = iphoneos;
				SWIFT_OPTIMIZATION_LEVEL = "-Onone";
				TARGETED_DEVICE_FAMILY = "1,2";
			};
			name = Debug;
		};
		88BA73CC1CEDA3590098BFDE /* Release */ = {
			isa = XCBuildConfiguration;
			buildSettings = {
				ALWAYS_SEARCH_USER_PATHS = NO;
				CLANG_ANALYZER_NONNULL = YES;
				CLANG_CXX_LANGUAGE_STANDARD = "gnu++0x";
				CLANG_CXX_LIBRARY = "libc++";
				CLANG_ENABLE_MODULES = YES;
				CLANG_ENABLE_OBJC_ARC = YES;
				CLANG_WARN_BOOL_CONVERSION = YES;
				CLANG_WARN_CONSTANT_CONVERSION = YES;
				CLANG_WARN_DIRECT_OBJC_ISA_USAGE = YES_ERROR;
				CLANG_WARN_EMPTY_BODY = YES;
				CLANG_WARN_ENUM_CONVERSION = YES;
				CLANG_WARN_INT_CONVERSION = YES;
				CLANG_WARN_OBJC_ROOT_CLASS = YES_ERROR;
				CLANG_WARN_UNREACHABLE_CODE = YES;
				CLANG_WARN__DUPLICATE_METHOD_MATCH = YES;
				"CODE_SIGN_IDENTITY[sdk=iphoneos*]" = "iPhone Developer";
				COPY_PHASE_STRIP = NO;
				DEBUG_INFORMATION_FORMAT = "dwarf-with-dsym";
				ENABLE_NS_ASSERTIONS = NO;
				ENABLE_STRICT_OBJC_MSGSEND = YES;
				GCC_C_LANGUAGE_STANDARD = gnu99;
				GCC_NO_COMMON_BLOCKS = YES;
				GCC_WARN_64_TO_32_BIT_CONVERSION = YES;
				GCC_WARN_ABOUT_RETURN_TYPE = YES_ERROR;
				GCC_WARN_UNDECLARED_SELECTOR = YES;
				GCC_WARN_UNINITIALIZED_AUTOS = YES_AGGRESSIVE;
				GCC_WARN_UNUSED_FUNCTION = YES;
				GCC_WARN_UNUSED_VARIABLE = YES;
				IPHONEOS_DEPLOYMENT_TARGET = 9.3;
				MTL_ENABLE_DEBUG_INFO = NO;
				SDKROOT = iphoneos;
				TARGETED_DEVICE_FAMILY = "1,2";
				VALIDATE_PRODUCT = YES;
			};
			name = Release;
		};
		88BA73CE1CEDA3590098BFDE /* Debug */ = {
			isa = XCBuildConfiguration;
			buildSettings = {
				ASSETCATALOG_COMPILER_APPICON_NAME = AppIcon;
				INFOPLIST_FILE = "AttributeString-Text/Info.plist";
				LD_RUNPATH_SEARCH_PATHS = "$(inherited) @executable_path/Frameworks";
				PRODUCT_BUNDLE_IDENTIFIER = "com.junbin.AttributeString-Text";
				PRODUCT_NAME = "$(TARGET_NAME)";
			};
			name = Debug;
		};
		88BA73CF1CEDA3590098BFDE /* Release */ = {
			isa = XCBuildConfiguration;
			buildSettings = {
				ASSETCATALOG_COMPILER_APPICON_NAME = AppIcon;
				INFOPLIST_FILE = "AttributeString-Text/Info.plist";
				LD_RUNPATH_SEARCH_PATHS = "$(inherited) @executable_path/Frameworks";
				PRODUCT_BUNDLE_IDENTIFIER = "com.junbin.AttributeString-Text";
				PRODUCT_NAME = "$(TARGET_NAME)";
			};
			name = Release;
		};
/* End XCBuildConfiguration section */

/* Begin XCConfigurationList section */
		88BA73B31CEDA3580098BFDE /* Build configuration list for PBXProject "AttributeString-Text" */ = {
			isa = XCConfigurationList;
			buildConfigurations = (
				88BA73CB1CEDA3590098BFDE /* Debug */,
				88BA73CC1CEDA3590098BFDE /* Release */,
			);
			defaultConfigurationIsVisible = 0;
			defaultConfigurationName = Release;
		};
		88BA73CD1CEDA3590098BFDE /* Build configuration list for PBXNativeTarget "AttributeString-Text" */ = {
			isa = XCConfigurationList;
			buildConfigurations = (
				88BA73CE1CEDA3590098BFDE /* Debug */,
				88BA73CF1CEDA3590098BFDE /* Release */,
			);
			defaultConfigurationIsVisible = 0;
		};
/* End XCConfigurationList section */

/* Begin XCVersionGroup section */
		88BA73C21CEDA3590098BFDE /* AttributeString_Text.xcdatamodeld */ = {
			isa = XCVersionGroup;
			children = (
				88BA73C31CEDA3590098BFDE /* AttributeString_Text.xcdatamodel */,
			);
			currentVersion = 88BA73C31CEDA3590098BFDE /* AttributeString_Text.xcdatamodel */;
			path = AttributeString_Text.xcdatamodeld;
			sourceTree = "<group>";
			versionGroupType = wrapper.xcdatamodel;
		};
/* End XCVersionGroup section */
	};
	rootObject = 88BA73B01CEDA3580098BFDE /* Project object */;
}
